
Microsoft Visual Studio Solution File, Format Version 12.00
# Visual Studio 15
VisualStudioVersion = 15.0.27004.2005
MinimumVisualStudioVersion = 10.0.40219.1
Project("{FAE04EC0-301F-11D3-BF4B-00C04F79EFBC}") = "HotelP", "WindowsFormsApp1\HotelP.csproj", "{BF76F634-EFD3-4770-BFF3-83A609EF79B5}"
EndProject
Global
	GlobalSection(SolutionConfigurationPlatforms) = preSolution
		Debug|Any CPU = Debug|Any CPU
		Release|Any CPU = Release|Any CPU
	EndGlobalSection
	GlobalSection(ProjectConfigurationPlatforms) = postSolution
		{BF76F634-EFD3-4770-BFF3-83A609EF79B5}.Debug|Any CPU.ActiveCfg = Debug|Any CPU
		{BF76F634-EFD3-4770-BFF3-83A609EF79B5}.Debug|Any CPU.Build.0 = Debug|Any CPU
		{BF76F634-EFD3-4770-BFF3-83A609EF79B5}.Release|Any CPU.ActiveCfg = Release|Any CPU
		{BF76F634-EFD3-4770-BFF3-83A609EF79B5}.Release|Any CPU.Build.0 = Release|Any CPU
	EndGlobalSection
	GlobalSection(SolutionProperties) = preSolution
		HideSolutionNode = FALSE
	EndGlobalSection
	GlobalSection(ExtensibilityGlobals) = postSolution
		SolutionGuid = {AEF59D7D-B18D-420F-8058-D3998083197B}
	EndGlobalSection
EndGlobal
